
Microsoft Visual Studio Solution File, Format Version 12.00
# Visual Studio 2013
VisualStudioVersion = 12.0.40629.0
MinimumVisualStudioVersion = 10.0.40219.1
Project("{FAE04EC0-301F-11D3-BF4B-00C04F79EFBC}") = "Single_Array", "Single_Array\Single_Array.csproj", "{76B8C637-DE95-432F-AECF-95C4944A2E2B}"
EndProject
Project("{FAE04EC0-301F-11D3-BF4B-00C04F79EFBC}") = "Input Array", "Input Array\Input Array.csproj", "{32046137-9854-49C0-BF5E-C48BE4EED218}"
EndProject
Project("{FAE04EC0-301F-11D3-BF4B-00C04F79EFBC}") = "Multidimensional_Array", "Multidimensional_Array\Multidimensional_Array.csproj", "{36505F2A-E546-4AA9-865D-00D91048F792}"
EndProject
Project("{FAE04EC0-301F-11D3-BF4B-00C04F79EFBC}") = "Jagged_Array", "Jagged_Array\Jagged_Array.csproj", "{C6088A62-76FA-4571-87E1-B9730E9EA2BB}"
EndProject
Global
	GlobalSection(SolutionConfigurationPlatforms) = preSolution
		Debug|Any CPU = Debug|Any CPU
		Release|Any CPU = Release|Any CPU
	EndGlobalSection
	GlobalSection(ProjectConfigurationPlatforms) = postSolution
		{76B8C637-DE95-432F-AECF-95C4944A2E2B}.Debug|Any CPU.ActiveCfg = Debug|Any CPU
		{76B8C637-DE95-432F-AECF-95C4944A2E2B}.Debug|Any CPU.Build.0 = Debug|Any CPU
		{76B8C637-DE95-432F-AECF-95C4944A2E2B}.Release|Any CPU.ActiveCfg = Release|Any CPU
		{76B8C637-DE95-432F-AECF-95C4944A2E2B}.Release|Any CPU.Build.0 = Release|Any CPU
		{32046137-9854-49C0-BF5E-C48BE4EED218}.Debug|Any CPU.ActiveCfg = Debug|Any CPU
		{32046137-9854-49C0-BF5E-C48BE4EED218}.Debug|Any CPU.Build.0 = Debug|Any CPU
		{32046137-9854-49C0-BF5E-C48BE4EED218}.Release|Any CPU.ActiveCfg = Release|Any CPU
		{32046137-9854-49C0-BF5E-C48BE4EED218}.Release|Any CPU.Build.0 = Release|Any CPU
		{36505F2A-E546-4AA9-865D-00D91048F792}.Debug|Any CPU.ActiveCfg = Debug|Any CPU
		{36505F2A-E546-4AA9-865D-00D91048F792}.Debug|Any CPU.Build.0 = Debug|Any CPU
		{36505F2A-E546-4AA9-865D-00D91048F792}.Release|Any CPU.ActiveCfg = Release|Any CPU
		{36505F2A-E546-4AA9-865D-00D91048F792}.Release|Any CPU.Build.0 = Release|Any CPU
		{C6088A62-76FA-4571-87E1-B9730E9EA2BB}.Debug|Any CPU.ActiveCfg = Debug|Any CPU
		{C6088A62-76FA-4571-87E1-B9730E9EA2BB}.Debug|Any CPU.Build.0 = Debug|Any CPU
		{C6088A62-76FA-4571-87E1-B9730E9EA2BB}.Release|Any CPU.ActiveCfg = Release|Any CPU
		{C6088A62-76FA-4571-87E1-B9730E9EA2BB}.Release|Any CPU.Build.0 = Release|Any CPU
	EndGlobalSection
	GlobalSection(SolutionProperties) = preSolution
		HideSolutionNode = FALSE
	EndGlobalSection
EndGlobal
