
Microsoft Visual Studio Solution File, Format Version 12.00
# Visual Studio Version 16
VisualStudioVersion = 16.0.30907.101
MinimumVisualStudioVersion = 10.0.40219.1
Project("{9A19103F-16F7-4668-BE54-9A1E7A4F7556}") = "Interface2", "Interface2.csproj", "{B0ADCA66-11BE-4D03-88F5-7C974AA2AD0E}"
EndProject
Global
	GlobalSection(SolutionConfigurationPlatforms) = preSolution
		Debug|Any CPU = Debug|Any CPU
		Release|Any CPU = Release|Any CPU
	EndGlobalSection
	GlobalSection(ProjectConfigurationPlatforms) = postSolution
		{B0ADCA66-11BE-4D03-88F5-7C974AA2AD0E}.Debug|Any CPU.ActiveCfg = Debug|Any CPU
		{B0ADCA66-11BE-4D03-88F5-7C974AA2AD0E}.Debug|Any CPU.Build.0 = Debug|Any CPU
		{B0ADCA66-11BE-4D03-88F5-7C974AA2AD0E}.Release|Any CPU.ActiveCfg = Release|Any CPU
		{B0ADCA66-11BE-4D03-88F5-7C974AA2AD0E}.Release|Any CPU.Build.0 = Release|Any CPU
	EndGlobalSection
	GlobalSection(SolutionProperties) = preSolution
		HideSolutionNode = FALSE
	EndGlobalSection
	GlobalSection(ExtensibilityGlobals) = postSolution
		SolutionGuid = {26576D56-17D4-42B9-8C2F-F7F99DCEB325}
	EndGlobalSection
EndGlobal
