
Microsoft Visual Studio Solution File, Format Version 12.00
# Visual Studio Version 16
VisualStudioVersion = 16.0.31729.503
MinimumVisualStudioVersion = 10.0.40219.1
Project("{FAE04EC0-301F-11D3-BF4B-00C04F79EFBC}") = "HomePage", "HomePage\HomePage.csproj", "{A9F681B4-1481-479E-B287-3B38B6AA3DD5}"
EndProject
Project("{FAE04EC0-301F-11D3-BF4B-00C04F79EFBC}") = "Registration Form", "Questions\Registration Form.csproj", "{C66BC8DE-AE1F-4898-927D-055343BA4F92}"
EndProject
Global
	GlobalSection(SolutionConfigurationPlatforms) = preSolution
		Debug|Any CPU = Debug|Any CPU
		Release|Any CPU = Release|Any CPU
	EndGlobalSection
	GlobalSection(ProjectConfigurationPlatforms) = postSolution
		{A9F681B4-1481-479E-B287-3B38B6AA3DD5}.Debug|Any CPU.ActiveCfg = Debug|Any CPU
		{A9F681B4-1481-479E-B287-3B38B6AA3DD5}.Debug|Any CPU.Build.0 = Debug|Any CPU
		{A9F681B4-1481-479E-B287-3B38B6AA3DD5}.Release|Any CPU.ActiveCfg = Release|Any CPU
		{A9F681B4-1481-479E-B287-3B38B6AA3DD5}.Release|Any CPU.Build.0 = Release|Any CPU
		{C66BC8DE-AE1F-4898-927D-055343BA4F92}.Debug|Any CPU.ActiveCfg = Debug|Any CPU
		{C66BC8DE-AE1F-4898-927D-055343BA4F92}.Debug|Any CPU.Build.0 = Debug|Any CPU
		{C66BC8DE-AE1F-4898-927D-055343BA4F92}.Release|Any CPU.ActiveCfg = Release|Any CPU
		{C66BC8DE-AE1F-4898-927D-055343BA4F92}.Release|Any CPU.Build.0 = Release|Any CPU
	EndGlobalSection
	GlobalSection(SolutionProperties) = preSolution
		HideSolutionNode = FALSE
	EndGlobalSection
	GlobalSection(ExtensibilityGlobals) = postSolution
		SolutionGuid = {D378890D-BB2F-4F05-8075-6EB3BCED87C5}
	EndGlobalSection
EndGlobal
