
Microsoft Visual Studio Solution File, Format Version 12.00
# Visual Studio Version 16
VisualStudioVersion = 16.0.31702.278
MinimumVisualStudioVersion = 10.0.40219.1
Project("{FAE04EC0-301F-11D3-BF4B-00C04F79EFBC}") = "Book", "Book\Book.csproj", "{C689156F-D4CB-4116-B93F-0CA3E0050827}"
EndProject
Project("{FAE04EC0-301F-11D3-BF4B-00C04F79EFBC}") = "Contact", "Contact\Contact.csproj", "{DE5095E5-1A97-4C0B-9626-B82BBCA41E52}"
EndProject
Global
	GlobalSection(SolutionConfigurationPlatforms) = preSolution
		Debug|Any CPU = Debug|Any CPU
		Release|Any CPU = Release|Any CPU
	EndGlobalSection
	GlobalSection(ProjectConfigurationPlatforms) = postSolution
		{C689156F-D4CB-4116-B93F-0CA3E0050827}.Debug|Any CPU.ActiveCfg = Debug|Any CPU
		{C689156F-D4CB-4116-B93F-0CA3E0050827}.Debug|Any CPU.Build.0 = Debug|Any CPU
		{C689156F-D4CB-4116-B93F-0CA3E0050827}.Release|Any CPU.ActiveCfg = Release|Any CPU
		{C689156F-D4CB-4116-B93F-0CA3E0050827}.Release|Any CPU.Build.0 = Release|Any CPU
		{DE5095E5-1A97-4C0B-9626-B82BBCA41E52}.Debug|Any CPU.ActiveCfg = Debug|Any CPU
		{DE5095E5-1A97-4C0B-9626-B82BBCA41E52}.Debug|Any CPU.Build.0 = Debug|Any CPU
		{DE5095E5-1A97-4C0B-9626-B82BBCA41E52}.Release|Any CPU.ActiveCfg = Release|Any CPU
		{DE5095E5-1A97-4C0B-9626-B82BBCA41E52}.Release|Any CPU.Build.0 = Release|Any CPU
	EndGlobalSection
	GlobalSection(SolutionProperties) = preSolution
		HideSolutionNode = FALSE
	EndGlobalSection
	GlobalSection(ExtensibilityGlobals) = postSolution
		SolutionGuid = {F6A59FDF-B7BB-43F0-8D98-48920F347E05}
	EndGlobalSection
EndGlobal
