
Microsoft Visual Studio Solution File, Format Version 12.00
# Visual Studio Version 16
VisualStudioVersion = 16.0.31729.503
MinimumVisualStudioVersion = 10.0.40219.1
Project("{FAE04EC0-301F-11D3-BF4B-00C04F79EFBC}") = "LoginForm", "LoginForm\LoginForm.csproj", "{C4756BB7-4FCF-4B47-AF21-6F5AE29D0A8D}"
EndProject
Global
	GlobalSection(SolutionConfigurationPlatforms) = preSolution
		Debug|Any CPU = Debug|Any CPU
		Release|Any CPU = Release|Any CPU
	EndGlobalSection
	GlobalSection(ProjectConfigurationPlatforms) = postSolution
		{C4756BB7-4FCF-4B47-AF21-6F5AE29D0A8D}.Debug|Any CPU.ActiveCfg = Debug|Any CPU
		{C4756BB7-4FCF-4B47-AF21-6F5AE29D0A8D}.Debug|Any CPU.Build.0 = Debug|Any CPU
		{C4756BB7-4FCF-4B47-AF21-6F5AE29D0A8D}.Release|Any CPU.ActiveCfg = Release|Any CPU
		{C4756BB7-4FCF-4B47-AF21-6F5AE29D0A8D}.Release|Any CPU.Build.0 = Release|Any CPU
	EndGlobalSection
	GlobalSection(SolutionProperties) = preSolution
		HideSolutionNode = FALSE
	EndGlobalSection
	GlobalSection(ExtensibilityGlobals) = postSolution
		SolutionGuid = {472531C1-184D-4844-B42E-3FF37168D551}
	EndGlobalSection
EndGlobal
